Microsoft Visual Studio Solution File, Format Version 11.00
# Visual Studio 2008

Project("{07E576A4-5896-9BD4-8E17-2B49E8D6ECDD}") = "RitualCops", "Assembly-CSharp-firstpass.csproj", "{7820C13F-DBC3-539F-ABF3-FE4BB58968BD}"
EndProject
Project("{07E576A4-5896-9BD4-8E17-2B49E8D6ECDD}") = "RitualCops", "Assembly-CSharp.csproj", "{A92AA669-C3FC-4FDB-9028-E5966119D9BD}"
EndProject
Project("{07E576A4-5896-9BD4-8E17-2B49E8D6ECDD}") = "RitualCops", "Assembly-CSharp-Editor-firstpass.csproj", "{42C25391-C961-AF53-CE8E-6B8327CB53C9}"
EndProject
Project("{07E576A4-5896-9BD4-8E17-2B49E8D6ECDD}") = "RitualCops", "Assembly-CSharp-Editor.csproj", "{0251D0FC-BCE7-AC3B-A4EA-A02766EDBE45}"
EndProject
Global
	GlobalSection(SolutionConfigurationPlatforms) = preSolution
		Debug|Any CPU = Debug|Any CPU
		Release|Any CPU = Release|Any CPU
	EndGlobalSection
	GlobalSection(ProjectConfigurationPlatforms) = postSolution
		{7820C13F-DBC3-539F-ABF3-FE4BB58968BD}.Debug|Any CPU.ActiveCfg = Debug|Any CPU
		{7820C13F-DBC3-539F-ABF3-FE4BB58968BD}.Debug|Any CPU.Build.0 = Debug|Any CPU
		{7820C13F-DBC3-539F-ABF3-FE4BB58968BD}.Release|Any CPU.ActiveCfg = Release|Any CPU
		{7820C13F-DBC3-539F-ABF3-FE4BB58968BD}.Release|Any CPU.Build.0 = Release|Any CPU
		{A92AA669-C3FC-4FDB-9028-E5966119D9BD}.Debug|Any CPU.ActiveCfg = Debug|Any CPU
		{A92AA669-C3FC-4FDB-9028-E5966119D9BD}.Debug|Any CPU.Build.0 = Debug|Any CPU
		{A92AA669-C3FC-4FDB-9028-E5966119D9BD}.Release|Any CPU.ActiveCfg = Release|Any CPU
		{A92AA669-C3FC-4FDB-9028-E5966119D9BD}.Release|Any CPU.Build.0 = Release|Any CPU
		{42C25391-C961-AF53-CE8E-6B8327CB53C9}.Debug|Any CPU.ActiveCfg = Debug|Any CPU
		{42C25391-C961-AF53-CE8E-6B8327CB53C9}.Debug|Any CPU.Build.0 = Debug|Any CPU
		{42C25391-C961-AF53-CE8E-6B8327CB53C9}.Release|Any CPU.ActiveCfg = Release|Any CPU
		{42C25391-C961-AF53-CE8E-6B8327CB53C9}.Release|Any CPU.Build.0 = Release|Any CPU
		{0251D0FC-BCE7-AC3B-A4EA-A02766EDBE45}.Debug|Any CPU.ActiveCfg = Debug|Any CPU
		{0251D0FC-BCE7-AC3B-A4EA-A02766EDBE45}.Debug|Any CPU.Build.0 = Debug|Any CPU
		{0251D0FC-BCE7-AC3B-A4EA-A02766EDBE45}.Release|Any CPU.ActiveCfg = Release|Any CPU
		{0251D0FC-BCE7-AC3B-A4EA-A02766EDBE45}.Release|Any CPU.Build.0 = Release|Any CPU
	EndGlobalSection
	GlobalSection(SolutionProperties) = preSolution
		HideSolutionNode = FALSE
	EndGlobalSection
	GlobalSection(MonoDevelopProperties) = preSolution
		StartupItem = Assembly-CSharp.csproj
	EndGlobalSection
EndGlobal
