Microsoft Visual Studio Solution File, Format Version 11.00
# Visual Studio 2008

Project("{3222FB5F-20F6-EB79-41B6-61C63200F237}") = "ritualCops", "Assembly-CSharp-firstpass.csproj", "{39BD398D-4D0E-9E06-9D30-87849E988058}"
EndProject
Project("{3222FB5F-20F6-EB79-41B6-61C63200F237}") = "ritualCops", "Assembly-CSharp.csproj", "{B4029E0B-5175-1E71-92AF-F02789EBE203}"
EndProject
Project("{3222FB5F-20F6-EB79-41B6-61C63200F237}") = "ritualCops", "Assembly-CSharp-Editor-firstpass.csproj", "{0DC89068-1E53-F1FF-AD61-451E2DAE033E}"
EndProject
Project("{3222FB5F-20F6-EB79-41B6-61C63200F237}") = "ritualCops", "Assembly-CSharp-Editor.csproj", "{1313A9A6-E324-FA8A-78A9-36725C0A9D7A}"
EndProject
Global
	GlobalSection(SolutionConfigurationPlatforms) = preSolution
		Debug|Any CPU = Debug|Any CPU
		Release|Any CPU = Release|Any CPU
	EndGlobalSection
	GlobalSection(ProjectConfigurationPlatforms) = postSolution
		{39BD398D-4D0E-9E06-9D30-87849E988058}.Debug|Any CPU.ActiveCfg = Debug|Any CPU
		{39BD398D-4D0E-9E06-9D30-87849E988058}.Debug|Any CPU.Build.0 = Debug|Any CPU
		{39BD398D-4D0E-9E06-9D30-87849E988058}.Release|Any CPU.ActiveCfg = Release|Any CPU
		{39BD398D-4D0E-9E06-9D30-87849E988058}.Release|Any CPU.Build.0 = Release|Any CPU
		{B4029E0B-5175-1E71-92AF-F02789EBE203}.Debug|Any CPU.ActiveCfg = Debug|Any CPU
		{B4029E0B-5175-1E71-92AF-F02789EBE203}.Debug|Any CPU.Build.0 = Debug|Any CPU
		{B4029E0B-5175-1E71-92AF-F02789EBE203}.Release|Any CPU.ActiveCfg = Release|Any CPU
		{B4029E0B-5175-1E71-92AF-F02789EBE203}.Release|Any CPU.Build.0 = Release|Any CPU
		{0DC89068-1E53-F1FF-AD61-451E2DAE033E}.Debug|Any CPU.ActiveCfg = Debug|Any CPU
		{0DC89068-1E53-F1FF-AD61-451E2DAE033E}.Debug|Any CPU.Build.0 = Debug|Any CPU
		{0DC89068-1E53-F1FF-AD61-451E2DAE033E}.Release|Any CPU.ActiveCfg = Release|Any CPU
		{0DC89068-1E53-F1FF-AD61-451E2DAE033E}.Release|Any CPU.Build.0 = Release|Any CPU
		{1313A9A6-E324-FA8A-78A9-36725C0A9D7A}.Debug|Any CPU.ActiveCfg = Debug|Any CPU
		{1313A9A6-E324-FA8A-78A9-36725C0A9D7A}.Debug|Any CPU.Build.0 = Debug|Any CPU
		{1313A9A6-E324-FA8A-78A9-36725C0A9D7A}.Release|Any CPU.ActiveCfg = Release|Any CPU
		{1313A9A6-E324-FA8A-78A9-36725C0A9D7A}.Release|Any CPU.Build.0 = Release|Any CPU
	EndGlobalSection
	GlobalSection(SolutionProperties) = preSolution
		HideSolutionNode = FALSE
	EndGlobalSection
	GlobalSection(MonoDevelopProperties) = preSolution
		StartupItem = Assembly-CSharp.csproj
	EndGlobalSection
EndGlobal
