Microsoft Visual Studio Solution File, Format Version 11.00
# Visual Studio 2008

Project("{3222FB5F-20F6-EB79-41B6-61C63200F237}") = "ritualCops", "Assembly-CSharp.csproj", "{B4029E0B-5175-1E71-92AF-F02789EBE203}"
EndProject
Global
	GlobalSection(SolutionConfigurationPlatforms) = preSolution
		Debug|Any CPU = Debug|Any CPU
		Release|Any CPU = Release|Any CPU
	EndGlobalSection
	GlobalSection(ProjectConfigurationPlatforms) = postSolution
		{B4029E0B-5175-1E71-92AF-F02789EBE203}.Debug|Any CPU.ActiveCfg = Debug|Any CPU
		{B4029E0B-5175-1E71-92AF-F02789EBE203}.Debug|Any CPU.Build.0 = Debug|Any CPU
		{B4029E0B-5175-1E71-92AF-F02789EBE203}.Release|Any CPU.ActiveCfg = Release|Any CPU
		{B4029E0B-5175-1E71-92AF-F02789EBE203}.Release|Any CPU.Build.0 = Release|Any CPU
	EndGlobalSection
	GlobalSection(SolutionProperties) = preSolution
		HideSolutionNode = FALSE
	EndGlobalSection
	GlobalSection(MonoDevelopProperties) = preSolution
		StartupItem = Assembly-CSharp.csproj
	EndGlobalSection
EndGlobal
